
Microsoft Visual Studio Solution File, Format Version 12.00
# Visual Studio Version 16
VisualStudioVersion = 16.0.31205.134
MinimumVisualStudioVersion = 10.0.40219.1
Project("{FAE04EC0-301F-11D3-BF4B-00C04F79EFBC}") = "Call by reference", "Call by reference.csproj", "{F1564B1C-DFA1-4BCF-9057-79EEE03D2CF4}"
EndProject
Global
	GlobalSection(SolutionConfigurationPlatforms) = preSolution
		Debug|Any CPU = Debug|Any CPU
		Release|Any CPU = Release|Any CPU
	EndGlobalSection
	GlobalSection(ProjectConfigurationPlatforms) = postSolution
		{F1564B1C-DFA1-4BCF-9057-79EEE03D2CF4}.Debug|Any CPU.ActiveCfg = Debug|Any CPU
		{F1564B1C-DFA1-4BCF-9057-79EEE03D2CF4}.Debug|Any CPU.Build.0 = Debug|Any CPU
		{F1564B1C-DFA1-4BCF-9057-79EEE03D2CF4}.Release|Any CPU.ActiveCfg = Release|Any CPU
		{F1564B1C-DFA1-4BCF-9057-79EEE03D2CF4}.Release|Any CPU.Build.0 = Release|Any CPU
	EndGlobalSection
	GlobalSection(SolutionProperties) = preSolution
		HideSolutionNode = FALSE
	EndGlobalSection
	GlobalSection(ExtensibilityGlobals) = postSolution
		SolutionGuid = {8AC49678-478C-47B6-AC99-A287FF57C249}
	EndGlobalSection
EndGlobal
