
Microsoft Visual Studio Solution File, Format Version 12.00
# Visual Studio Version 16
VisualStudioVersion = 16.0.31205.134
MinimumVisualStudioVersion = 10.0.40219.1
Project("{FAE04EC0-301F-11D3-BF4B-00C04F79EFBC}") = "overloading1", "overloading1.csproj", "{28492AFB-659F-47E0-93DD-8B2465E5687F}"
EndProject
Global
	GlobalSection(SolutionConfigurationPlatforms) = preSolution
		Debug|Any CPU = Debug|Any CPU
		Release|Any CPU = Release|Any CPU
	EndGlobalSection
	GlobalSection(ProjectConfigurationPlatforms) = postSolution
		{28492AFB-659F-47E0-93DD-8B2465E5687F}.Debug|Any CPU.ActiveCfg = Debug|Any CPU
		{28492AFB-659F-47E0-93DD-8B2465E5687F}.Debug|Any CPU.Build.0 = Debug|Any CPU
		{28492AFB-659F-47E0-93DD-8B2465E5687F}.Release|Any CPU.ActiveCfg = Release|Any CPU
		{28492AFB-659F-47E0-93DD-8B2465E5687F}.Release|Any CPU.Build.0 = Release|Any CPU
	EndGlobalSection
	GlobalSection(SolutionProperties) = preSolution
		HideSolutionNode = FALSE
	EndGlobalSection
	GlobalSection(ExtensibilityGlobals) = postSolution
		SolutionGuid = {C823076B-73D2-4AD0-AC84-68B34BA1765F}
	EndGlobalSection
EndGlobal
